{
  "name": "@hazae41/latrine",
  "version": "2.1.0",
  "lockfileVersion": 3,
  "requires": true,
  "packages": {
    "": {
      "name": "@hazae41/latrine",
      "version": "2.1.0",
      "dependencies": {
        "@hazae41/binary": "^2.0.2",
        "@hazae41/cursor": "^2.1.4",
        "@hazae41/jsonrpc": "^1.1.11",
        "@hazae41/plume": "^4.0.1",
        "@hazae41/result-and-option": "^2.0.10",
        "@scure/base": "^2.2.0"
      },
      "devDependencies": {
        "@hazae41/chacha20poly1305-wasm": "^2.0.0",
        "@hazae41/phobos": "^2.0.16",
        "@hazae41/tscousin": "^1.0.28",
        "@types/node": "^25.6.0",
        "deno": "^2.7.13",
        "typescript": "^6.0.3"
      },
      "peerDependencies": {
        "@hazae41/chacha20poly1305": "^2.0.2"
      }
    },
    "node_modules/@deno/darwin-arm64": {
      "version": "2.7.13",
      "resolved": "https://registry.npmjs.org/@deno/darwin-arm64/-/darwin-arm64-2.7.13.tgz",
      "integrity": "sha512-IQNGOvsbx5IA+0CUWcqBnM4G0bFdYHgsbBEbJpb7umVGYhZjQlMWrnzQN0wXM2X1SYtScAATQfSFSJmgMhM8zA==",
      "cpu": [
        "arm64"
      ],
      "dev": true,
      "license": "MIT",
      "optional": true,
      "os": [
        "darwin"
      ]
    },
    "node_modules/@deno/darwin-x64": {
      "version": "2.7.13",
      "resolved": "https://registry.npmjs.org/@deno/darwin-x64/-/darwin-x64-2.7.13.tgz",
      "integrity": "sha512-uciQl0ymxIr+/WfxbD0PisIgd3AnSGQEDKExgft+Bo3wKPk3sRsBVXjTshF4KfZSb9Xf63PMsrFFHPvOrweNGA==",
      "cpu": [
        "x64"
      ],
      "dev": true,
      "license": "MIT",
      "optional": true,
      "os": [
        "darwin"
      ]
    },
    "node_modules/@deno/linux-arm64-glibc": {
      "version": "2.7.13",
      "resolved": "https://registry.npmjs.org/@deno/linux-arm64-glibc/-/linux-arm64-glibc-2.7.13.tgz",
      "integrity": "sha512-I5YJDRyGQj17uFBYF7ABJvzasQjf/K6rDj35XnhfgVi6ttMf0IjUCOEohmfn7fGmw0bbKES7X4YpRW9FGzqzpA==",
      "cpu": [
        "arm64"
      ],
      "dev": true,
      "libc": [
        "glibc"
      ],
      "license": "MIT",
      "optional": true,
      "os": [
        "linux"
      ]
    },
    "node_modules/@deno/linux-x64-glibc": {
      "version": "2.7.13",
      "resolved": "https://registry.npmjs.org/@deno/linux-x64-glibc/-/linux-x64-glibc-2.7.13.tgz",
      "integrity": "sha512-jE27ri0Uuxgwt2jgvhYqCtgffYeCq7b8pwYwowIerSztxG7cp79WOfwxWSd+KTo3hX1NuoNSoQ+1Je7jln5zCQ==",
      "cpu": [
        "x64"
      ],
      "dev": true,
      "libc": [
        "glibc"
      ],
      "license": "MIT",
      "optional": true,
      "os": [
        "linux"
      ]
    },
    "node_modules/@deno/win32-arm64": {
      "version": "2.7.13",
      "resolved": "https://registry.npmjs.org/@deno/win32-arm64/-/win32-arm64-2.7.13.tgz",
      "integrity": "sha512-jgMvIj8aDOVoWzYW/vNTz7l4uz+B6q8ELzcO/pBWgasckE1gwbunI12k9ubAQVB4lbD+NSD0qOnTpO2uJJev9A==",
      "cpu": [
        "arm64"
      ],
      "dev": true,
      "license": "MIT",
      "optional": true,
      "os": [
        "win32"
      ]
    },
    "node_modules/@deno/win32-x64": {
      "version": "2.7.13",
      "resolved": "https://registry.npmjs.org/@deno/win32-x64/-/win32-x64-2.7.13.tgz",
      "integrity": "sha512-M+9aOrzDRIDCp7utDdDQzUQa+GiGQe1KWobjFm/lVTvd1y9nfquJJQ3K766m2rfTfAEUcfbDGaxZV2wCjP8vfw==",
      "cpu": [
        "x64"
      ],
      "dev": true,
      "license": "MIT",
      "optional": true,
      "os": [
        "win32"
      ]
    },
    "node_modules/@hazae41/binary": {
      "version": "2.0.2",
      "resolved": "https://registry.npmjs.org/@hazae41/binary/-/binary-2.0.2.tgz",
      "integrity": "sha512-i3YvoVECHiDoZ7n3XEMruIZYoikNEbTCjR/x7mWeg9rWpQMVNHIK+olYDvSBbxdJDSySSV/mRYOZBNfPataqYA==",
      "license": "MIT",
      "dependencies": {
        "@hazae41/cursor": "^2.1.2"
      }
    },
    "node_modules/@hazae41/chacha20poly1305": {
      "version": "2.0.2",
      "resolved": "https://registry.npmjs.org/@hazae41/chacha20poly1305/-/chacha20poly1305-2.0.2.tgz",
      "integrity": "sha512-gw//SX1GF7UVzfyWUti0cKBldAVwivgemgnU5pRNNOvADubrw8XjDrk47kL5ifv2ygPEU81+xExxmN6Tdmbsrg==",
      "peer": true,
      "dependencies": {
        "@hazae41/result-and-option": "^2.0.10"
      }
    },
    "node_modules/@hazae41/chacha20poly1305-wasm": {
      "version": "2.0.0",
      "resolved": "https://registry.npmjs.org/@hazae41/chacha20poly1305-wasm/-/chacha20poly1305-wasm-2.0.0.tgz",
      "integrity": "sha512-kwfHMSzXf4NjKp6jqIBO/U/8hzWKyMo42JXpuWNFmK4ttu9FJZvn4eI7phpEku5Ou/wRS/1tWz6IxgnAHNhBag==",
      "dev": true,
      "peerDependencies": {
        "@hazae41/memory-wasm": "^1.0.46"
      }
    },
    "node_modules/@hazae41/cursor": {
      "version": "2.1.4",
      "resolved": "https://registry.npmjs.org/@hazae41/cursor/-/cursor-2.1.4.tgz",
      "integrity": "sha512-dL8XZ+d2fxi/gp1a+qiYKoAqnQKtxXNU6yT0WmrL9ryUrkW9eeLcy+zmOVLkvPq9cpzyE0gmPAQkHtVLmOMzjA==",
      "license": "MIT"
    },
    "node_modules/@hazae41/jsonrpc": {
      "version": "1.1.11",
      "resolved": "https://registry.npmjs.org/@hazae41/jsonrpc/-/jsonrpc-1.1.11.tgz",
      "integrity": "sha512-hIOKQXO87bu9u2H4epWAl5jLSq0sPOkVUcwrC/pZHGOlOBPKe6oykldwuj0Kg4Qu+C3M3Z1eJfQv/Ly/vyx28Q==",
      "license": "MIT",
      "dependencies": {
        "@hazae41/result-and-option": "^2.0.10"
      }
    },
    "node_modules/@hazae41/memory-wasm": {
      "version": "1.0.46",
      "resolved": "https://registry.npmjs.org/@hazae41/memory-wasm/-/memory-wasm-1.0.46.tgz",
      "integrity": "sha512-ifPyk7lVx9VpPayNOl8Z84z6eUf/9jXG4c397BJUFrmaS6iuCk5KRNrf3kQzvGmMLpfykXqI6cIqxYayUUCopw==",
      "dev": true,
      "peer": true
    },
    "node_modules/@hazae41/phobos": {
      "version": "2.0.16",
      "resolved": "https://registry.npmjs.org/@hazae41/phobos/-/phobos-2.0.16.tgz",
      "integrity": "sha512-XP1KGvTY9dNWIz0EG91BdgBXXZXG/AF5f9LP57FbyF1ut3QjDe18+QLhScrA1RmuX/CEYrmp60jD160zZTPZaw==",
      "dev": true
    },
    "node_modules/@hazae41/plume": {
      "version": "4.0.1",
      "resolved": "https://registry.npmjs.org/@hazae41/plume/-/plume-4.0.1.tgz",
      "integrity": "sha512-5oGOcSFEtCcAqqTkYqTnZO9jgL4xSgv1BtUHiF/ICN6T6vjb5Jh9IN0LWg3EeVgIwjt9N5WKiEZ2vtvC80BIDg==",
      "dependencies": {
        "@hazae41/result-and-option": "^2.0.10"
      }
    },
    "node_modules/@hazae41/result-and-option": {
      "version": "2.0.10",
      "resolved": "https://registry.npmjs.org/@hazae41/result-and-option/-/result-and-option-2.0.10.tgz",
      "integrity": "sha512-Msf15N4OBCSsAxdonghJmbwERQqgc0ZWVPi1yE+oI8maC1FBFacQrym+xNF+lnXXgaTheLAUnx3B8yCA5Z1EWw=="
    },
    "node_modules/@hazae41/tscousin": {
      "version": "1.0.28",
      "resolved": "https://registry.npmjs.org/@hazae41/tscousin/-/tscousin-1.0.28.tgz",
      "integrity": "sha512-Wrg/66m0hLexrifpzJ5a/D7Jzb7FhLzBWrCFAgjZa+DIU8prA5rX4MwD5K34UZ6jsYBRZsYwNeVEYRqOIJHOEQ==",
      "dev": true,
      "bin": {
        "tscousin": "out/bin.js"
      }
    },
    "node_modules/@scure/base": {
      "version": "2.2.0",
      "resolved": "https://registry.npmjs.org/@scure/base/-/base-2.2.0.tgz",
      "integrity": "sha512-b8XEupJibegiXV+tDUseI8oLQc8ei3d/4Jkb2RpbHh3MfE054ov3uIz2dhFkB3FI8iwYkEh0gGCApkrYggkPNg==",
      "license": "MIT",
      "funding": {
        "url": "https://paulmillr.com/funding/"
      }
    },
    "node_modules/@types/node": {
      "version": "25.6.0",
      "resolved": "https://registry.npmjs.org/@types/node/-/node-25.6.0.tgz",
      "integrity": "sha512-+qIYRKdNYJwY3vRCZMdJbPLJAtGjQBudzZzdzwQYkEPQd+PJGixUL5QfvCLDaULoLv+RhT3LDkwEfKaAkgSmNQ==",
      "dev": true,
      "license": "MIT",
      "dependencies": {
        "undici-types": "~7.19.0"
      }
    },
    "node_modules/deno": {
      "version": "2.7.13",
      "resolved": "https://registry.npmjs.org/deno/-/deno-2.7.13.tgz",
      "integrity": "sha512-dBMUhOY8mtjYqE+Y9q7Aef0av0Pkr3CWmB7SNFVgLe4Az20gsQmQ74qr0DNQ/fVxOqpBjBe2dbLv/8UXE1GsfQ==",
      "dev": true,
      "hasInstallScript": true,
      "license": "MIT",
      "bin": {
        "deno": "bin.cjs"
      },
      "optionalDependencies": {
        "@deno/darwin-arm64": "2.7.13",
        "@deno/darwin-x64": "2.7.13",
        "@deno/linux-arm64-glibc": "2.7.13",
        "@deno/linux-x64-glibc": "2.7.13",
        "@deno/win32-arm64": "2.7.13",
        "@deno/win32-x64": "2.7.13"
      }
    },
    "node_modules/typescript": {
      "version": "6.0.3",
      "resolved": "https://registry.npmjs.org/typescript/-/typescript-6.0.3.tgz",
      "integrity": "sha512-y2TvuxSZPDyQakkFRPZHKFm+KKVqIisdg9/CZwm9ftvKXLP8NRWj38/ODjNbr43SsoXqNuAisEf1GdCxqWcdBw==",
      "dev": true,
      "license": "Apache-2.0",
      "bin": {
        "tsc": "bin/tsc",
        "tsserver": "bin/tsserver"
      },
      "engines": {
        "node": ">=14.17"
      }
    },
    "node_modules/undici-types": {
      "version": "7.19.2",
      "resolved": "https://registry.npmjs.org/undici-types/-/undici-types-7.19.2.tgz",
      "integrity": "sha512-qYVnV5OEm2AW8cJMCpdV20CDyaN3g0AjDlOGf1OW4iaDEx8MwdtChUp4zu4H0VP3nDRF/8RKWH+IPp9uW0YGZg==",
      "dev": true,
      "license": "MIT"
    }
  }
}
