{
  "name": "@hazae41/latrine",
  "version": "2.1.3",
  "lockfileVersion": 3,
  "requires": true,
  "packages": {
    "": {
      "name": "@hazae41/latrine",
      "version": "2.1.3",
      "dependencies": {
        "@hazae41/base58": "^2.0.0",
        "@hazae41/binary": "^2.0.2",
        "@hazae41/chacha20poly1305": "^2.0.8",
        "@hazae41/cursor": "^2.1.4",
        "@hazae41/jsonrpc": "^1.1.11",
        "@hazae41/plume": "^4.0.1",
        "@hazae41/result-and-option": "^2.0.10"
      },
      "devDependencies": {
        "@hazae41/chacha20poly1305-wasm": "^2.0.0",
        "@hazae41/phobos": "^2.0.16",
        "@hazae41/tscousin": "^1.0.28",
        "@types/node": "^25.9.1",
        "deno": "^2.7.14",
        "typescript": "^6.0.3"
      }
    },
    "node_modules/@deno/darwin-arm64": {
      "version": "2.7.14",
      "resolved": "https://registry.npmjs.org/@deno/darwin-arm64/-/darwin-arm64-2.7.14.tgz",
      "integrity": "sha512-LqJb/Si7B2VoLkKu5uis1/GGJ8QDfa1ntDBEbPllEbVjtWoluQSS5DLlx0e2HJsGbbJ21JY3UHuDzOhzKRmA/w==",
      "cpu": [
        "arm64"
      ],
      "dev": true,
      "license": "MIT",
      "optional": true,
      "os": [
        "darwin"
      ]
    },
    "node_modules/@deno/darwin-x64": {
      "version": "2.7.14",
      "resolved": "https://registry.npmjs.org/@deno/darwin-x64/-/darwin-x64-2.7.14.tgz",
      "integrity": "sha512-o3/0IHpprl1w1miO0r18GRW+S/prATbvnV/uEC7a2beniosy2HTOrfPDS837YtTaKdlRtDztoZ2xv84ncX3f/A==",
      "cpu": [
        "x64"
      ],
      "dev": true,
      "license": "MIT",
      "optional": true,
      "os": [
        "darwin"
      ]
    },
    "node_modules/@deno/linux-arm64-glibc": {
      "version": "2.7.14",
      "resolved": "https://registry.npmjs.org/@deno/linux-arm64-glibc/-/linux-arm64-glibc-2.7.14.tgz",
      "integrity": "sha512-ZInk/3F8RPxYpSHt1UYdEbVvuv+C5SqY1uUsH3Ogj7tlvg3XdhzDMi0TEaKc1dBSFklcT4oDLSi/23PtNI6dtw==",
      "cpu": [
        "arm64"
      ],
      "dev": true,
      "libc": [
        "glibc"
      ],
      "license": "MIT",
      "optional": true,
      "os": [
        "linux"
      ]
    },
    "node_modules/@deno/linux-x64-glibc": {
      "version": "2.7.14",
      "resolved": "https://registry.npmjs.org/@deno/linux-x64-glibc/-/linux-x64-glibc-2.7.14.tgz",
      "integrity": "sha512-AU+e9UrCwnfA94Yr/UrAzp5ALCkJyihUPQ5jhrWn9DCSTr/ctI41TVs9P5fEsClRMIrKyJ/zTWJpuJxlzRNoTw==",
      "cpu": [
        "x64"
      ],
      "dev": true,
      "libc": [
        "glibc"
      ],
      "license": "MIT",
      "optional": true,
      "os": [
        "linux"
      ]
    },
    "node_modules/@deno/win32-arm64": {
      "version": "2.7.14",
      "resolved": "https://registry.npmjs.org/@deno/win32-arm64/-/win32-arm64-2.7.14.tgz",
      "integrity": "sha512-Ox6A54t/Qn9fxJyA/VBt4mNYIF4SWcWpPjlyc+7X0V1LBAxTjNc1G8S1X6yYo3XoCfNVRzTHmo6QSOjuTVDGZA==",
      "cpu": [
        "arm64"
      ],
      "dev": true,
      "license": "MIT",
      "optional": true,
      "os": [
        "win32"
      ]
    },
    "node_modules/@deno/win32-x64": {
      "version": "2.7.14",
      "resolved": "https://registry.npmjs.org/@deno/win32-x64/-/win32-x64-2.7.14.tgz",
      "integrity": "sha512-d+6u6H244ofKQN/ulUgse0e9qG7CAXrCdWP82JVPEecv2HRNBTAlWBmiXBbUT27oy8V3Nt+YexR9xE7qZ8Puvg==",
      "cpu": [
        "x64"
      ],
      "dev": true,
      "license": "MIT",
      "optional": true,
      "os": [
        "win32"
      ]
    },
    "node_modules/@hazae41/base58": {
      "version": "2.0.0",
      "resolved": "https://registry.npmjs.org/@hazae41/base58/-/base58-2.0.0.tgz",
      "integrity": "sha512-TzgQ68na6UZoVJp35c/8HhpYUFxnf8kmLGfMMditpPvHZLKjND66Xj9zGmBtLissHYfq5EMvCSdE1enY0Bw8Fw=="
    },
    "node_modules/@hazae41/binary": {
      "version": "2.0.2",
      "resolved": "https://registry.npmjs.org/@hazae41/binary/-/binary-2.0.2.tgz",
      "integrity": "sha512-i3YvoVECHiDoZ7n3XEMruIZYoikNEbTCjR/x7mWeg9rWpQMVNHIK+olYDvSBbxdJDSySSV/mRYOZBNfPataqYA==",
      "license": "MIT",
      "dependencies": {
        "@hazae41/cursor": "^2.1.2"
      }
    },
    "node_modules/@hazae41/chacha20poly1305": {
      "version": "2.0.8",
      "resolved": "https://registry.npmjs.org/@hazae41/chacha20poly1305/-/chacha20poly1305-2.0.8.tgz",
      "integrity": "sha512-Z7c/mc2MSUULR0Y8r1Dcie8dN9LHh0915b+Do7u1o5sd4mu8tgFnjrr/DBbnaGupm0ukA3hAYFKyId0jSPVZLA==",
      "dependencies": {
        "@hazae41/chacha20poly1305-wasm": "^2.0.3",
        "@hazae41/result-and-option": "^2.0.10"
      }
    },
    "node_modules/@hazae41/chacha20poly1305-wasm": {
      "version": "2.0.0",
      "resolved": "https://registry.npmjs.org/@hazae41/chacha20poly1305-wasm/-/chacha20poly1305-wasm-2.0.0.tgz",
      "integrity": "sha512-kwfHMSzXf4NjKp6jqIBO/U/8hzWKyMo42JXpuWNFmK4ttu9FJZvn4eI7phpEku5Ou/wRS/1tWz6IxgnAHNhBag==",
      "dev": true,
      "peerDependencies": {
        "@hazae41/memory-wasm": "^1.0.46"
      }
    },
    "node_modules/@hazae41/chacha20poly1305/node_modules/@hazae41/chacha20poly1305-wasm": {
      "version": "2.0.3",
      "resolved": "https://registry.npmjs.org/@hazae41/chacha20poly1305-wasm/-/chacha20poly1305-wasm-2.0.3.tgz",
      "integrity": "sha512-GmxM3cHyXYTu73jM0tGMpp9IGJqoUETS1w+jlyxy/xF3MfO8nKVqS726q2e7lWvreqICtpn4mUjE4c8FohDsTg==",
      "peerDependencies": {
        "@hazae41/memory-wasm": "^2.0.14"
      }
    },
    "node_modules/@hazae41/chacha20poly1305/node_modules/@hazae41/memory-wasm": {
      "version": "2.0.15",
      "resolved": "https://registry.npmjs.org/@hazae41/memory-wasm/-/memory-wasm-2.0.15.tgz",
      "integrity": "sha512-uGoUv4FVlysLoQpAXv0GTjXRrVz7KmrpwNs3pR6DKMgZ7K0GQt4ra2wA8jVD2awB+J14l2idy3SuWR/MOP2HHg==",
      "peer": true
    },
    "node_modules/@hazae41/cursor": {
      "version": "2.1.4",
      "resolved": "https://registry.npmjs.org/@hazae41/cursor/-/cursor-2.1.4.tgz",
      "integrity": "sha512-dL8XZ+d2fxi/gp1a+qiYKoAqnQKtxXNU6yT0WmrL9ryUrkW9eeLcy+zmOVLkvPq9cpzyE0gmPAQkHtVLmOMzjA==",
      "license": "MIT"
    },
    "node_modules/@hazae41/jsonrpc": {
      "version": "1.1.11",
      "resolved": "https://registry.npmjs.org/@hazae41/jsonrpc/-/jsonrpc-1.1.11.tgz",
      "integrity": "sha512-hIOKQXO87bu9u2H4epWAl5jLSq0sPOkVUcwrC/pZHGOlOBPKe6oykldwuj0Kg4Qu+C3M3Z1eJfQv/Ly/vyx28Q==",
      "license": "MIT",
      "dependencies": {
        "@hazae41/result-and-option": "^2.0.10"
      }
    },
    "node_modules/@hazae41/memory-wasm": {
      "version": "1.0.46",
      "resolved": "https://registry.npmjs.org/@hazae41/memory-wasm/-/memory-wasm-1.0.46.tgz",
      "integrity": "sha512-ifPyk7lVx9VpPayNOl8Z84z6eUf/9jXG4c397BJUFrmaS6iuCk5KRNrf3kQzvGmMLpfykXqI6cIqxYayUUCopw==",
      "dev": true,
      "peer": true
    },
    "node_modules/@hazae41/phobos": {
      "version": "2.0.16",
      "resolved": "https://registry.npmjs.org/@hazae41/phobos/-/phobos-2.0.16.tgz",
      "integrity": "sha512-XP1KGvTY9dNWIz0EG91BdgBXXZXG/AF5f9LP57FbyF1ut3QjDe18+QLhScrA1RmuX/CEYrmp60jD160zZTPZaw==",
      "dev": true
    },
    "node_modules/@hazae41/plume": {
      "version": "4.0.1",
      "resolved": "https://registry.npmjs.org/@hazae41/plume/-/plume-4.0.1.tgz",
      "integrity": "sha512-5oGOcSFEtCcAqqTkYqTnZO9jgL4xSgv1BtUHiF/ICN6T6vjb5Jh9IN0LWg3EeVgIwjt9N5WKiEZ2vtvC80BIDg==",
      "dependencies": {
        "@hazae41/result-and-option": "^2.0.10"
      }
    },
    "node_modules/@hazae41/result-and-option": {
      "version": "2.0.10",
      "resolved": "https://registry.npmjs.org/@hazae41/result-and-option/-/result-and-option-2.0.10.tgz",
      "integrity": "sha512-Msf15N4OBCSsAxdonghJmbwERQqgc0ZWVPi1yE+oI8maC1FBFacQrym+xNF+lnXXgaTheLAUnx3B8yCA5Z1EWw=="
    },
    "node_modules/@hazae41/tscousin": {
      "version": "1.0.28",
      "resolved": "https://registry.npmjs.org/@hazae41/tscousin/-/tscousin-1.0.28.tgz",
      "integrity": "sha512-Wrg/66m0hLexrifpzJ5a/D7Jzb7FhLzBWrCFAgjZa+DIU8prA5rX4MwD5K34UZ6jsYBRZsYwNeVEYRqOIJHOEQ==",
      "dev": true,
      "bin": {
        "tscousin": "out/bin.js"
      }
    },
    "node_modules/@types/node": {
      "version": "25.9.1",
      "resolved": "https://registry.npmjs.org/@types/node/-/node-25.9.1.tgz",
      "integrity": "sha512-xfrlY7UD5rMJk3ZVJP8BNzS28J36YJg+xp+LPXV1TdWxr8uMH5A860QNxYDGQe/ylDSgjxE52Q9VnO7p75tJxg==",
      "dev": true,
      "license": "MIT",
      "dependencies": {
        "undici-types": ">=7.24.0 <7.24.7"
      }
    },
    "node_modules/deno": {
      "version": "2.7.14",
      "resolved": "https://registry.npmjs.org/deno/-/deno-2.7.14.tgz",
      "integrity": "sha512-bs9sM26x14FmH2B9BJyjSP3NpFDp7a9sOd+DcBL4+scik8PKdvTGf6WaecSHOi7Zm95/bygq3TRCV5gVHC/4SA==",
      "dev": true,
      "hasInstallScript": true,
      "license": "MIT",
      "bin": {
        "deno": "bin.cjs"
      },
      "optionalDependencies": {
        "@deno/darwin-arm64": "2.7.14",
        "@deno/darwin-x64": "2.7.14",
        "@deno/linux-arm64-glibc": "2.7.14",
        "@deno/linux-x64-glibc": "2.7.14",
        "@deno/win32-arm64": "2.7.14",
        "@deno/win32-x64": "2.7.14"
      }
    },
    "node_modules/typescript": {
      "version": "6.0.3",
      "resolved": "https://registry.npmjs.org/typescript/-/typescript-6.0.3.tgz",
      "integrity": "sha512-y2TvuxSZPDyQakkFRPZHKFm+KKVqIisdg9/CZwm9ftvKXLP8NRWj38/ODjNbr43SsoXqNuAisEf1GdCxqWcdBw==",
      "dev": true,
      "license": "Apache-2.0",
      "bin": {
        "tsc": "bin/tsc",
        "tsserver": "bin/tsserver"
      },
      "engines": {
        "node": ">=14.17"
      }
    },
    "node_modules/undici-types": {
      "version": "7.24.6",
      "resolved": "https://registry.npmjs.org/undici-types/-/undici-types-7.24.6.tgz",
      "integrity": "sha512-WRNW+sJgj5OBN4/0JpHFqtqzhpbnV0GuB+OozA9gCL7a993SmU+1JBZCzLNxYsbMfIeDL+lTsphD5jN5N+n0zg==",
      "dev": true,
      "license": "MIT"
    }
  }
}
